
Microsoft Visual Studio Solution File, Format Version 12.00
# Visual Studio Version 16
VisualStudioVersion = 16.0.32802.440
MinimumVisualStudioVersion = 10.0.40219.1
Project("{FAE04EC0-301F-11D3-BF4B-00C04F79EFBC}") = "zodiacDraft.UWP", "zodiacDraft\zodiacDraft.UWP\zodiacDraft.UWP.csproj", "{D4B98F3D-497E-4102-B9B6-95DA3FDE3C02}"
EndProject
Project("{FAE04EC0-301F-11D3-BF4B-00C04F79EFBC}") = "zodiacDraft.iOS", "zodiacDraft\zodiacDraft.iOS\zodiacDraft.iOS.csproj", "{B3B6050A-818E-4803-A723-A7D611E477D8}"
EndProject
Project("{FAE04EC0-301F-11D3-BF4B-00C04F79EFBC}") = "zodiacDraft", "zodiacDraft\zodiacDraft\zodiacDraft.csproj", "{C01A764A-8250-4179-BDBB-E82D83B70BBB}"
EndProject
Global
	GlobalSection(SolutionConfigurationPlatforms) = preSolution
		Debug|Any CPU = Debug|Any CPU
		Debug|ARM = Debug|ARM
		Debug|iPhone = Debug|iPhone
		Debug|iPhoneSimulator = Debug|iPhoneSimulator
		Debug|x64 = Debug|x64
		Debug|x86 = Debug|x86
		Release|Any CPU = Release|Any CPU
		Release|ARM = Release|ARM
		Release|iPhone = Release|iPhone
		Release|iPhoneSimulator = Release|iPhoneSimulator
		Release|x64 = Release|x64
		Release|x86 = Release|x86
	EndGlobalSection
	GlobalSection(ProjectConfigurationPlatforms) = postSolution
		{D4B98F3D-497E-4102-B9B6-95DA3FDE3C02}.Debug|Any CPU.ActiveCfg = Debug|x86
		{D4B98F3D-497E-4102-B9B6-95DA3FDE3C02}.Debug|Any CPU.Build.0 = Debug|x86
		{D4B98F3D-497E-4102-B9B6-95DA3FDE3C02}.Debug|Any CPU.Deploy.0 = Debug|x86
		{D4B98F3D-497E-4102-B9B6-95DA3FDE3C02}.Debug|ARM.ActiveCfg = Debug|ARM
		{D4B98F3D-497E-4102-B9B6-95DA3FDE3C02}.Debug|ARM.Build.0 = Debug|ARM
		{D4B98F3D-497E-4102-B9B6-95DA3FDE3C02}.Debug|ARM.Deploy.0 = Debug|ARM
		{D4B98F3D-497E-4102-B9B6-95DA3FDE3C02}.Debug|iPhone.ActiveCfg = Debug|x86
		{D4B98F3D-497E-4102-B9B6-95DA3FDE3C02}.Debug|iPhone.Build.0 = Debug|x86
		{D4B98F3D-497E-4102-B9B6-95DA3FDE3C02}.Debug|iPhone.Deploy.0 = Debug|x86
		{D4B98F3D-497E-4102-B9B6-95DA3FDE3C02}.Debug|iPhoneSimulator.ActiveCfg = Debug|x86
		{D4B98F3D-497E-4102-B9B6-95DA3FDE3C02}.Debug|iPhoneSimulator.Build.0 = Debug|x86
		{D4B98F3D-497E-4102-B9B6-95DA3FDE3C02}.Debug|iPhoneSimulator.Deploy.0 = Debug|x86
		{D4B98F3D-497E-4102-B9B6-95DA3FDE3C02}.Debug|x64.ActiveCfg = Debug|x64
		{D4B98F3D-497E-4102-B9B6-95DA3FDE3C02}.Debug|x64.Build.0 = Debug|x64
		{D4B98F3D-497E-4102-B9B6-95DA3FDE3C02}.Debug|x64.Deploy.0 = Debug|x64
		{D4B98F3D-497E-4102-B9B6-95DA3FDE3C02}.Debug|x86.ActiveCfg = Debug|x86
		{D4B98F3D-497E-4102-B9B6-95DA3FDE3C02}.Debug|x86.Build.0 = Debug|x86
		{D4B98F3D-497E-4102-B9B6-95DA3FDE3C02}.Debug|x86.Deploy.0 = Debug|x86
		{D4B98F3D-497E-4102-B9B6-95DA3FDE3C02}.Release|Any CPU.ActiveCfg = Release|x86
		{D4B98F3D-497E-4102-B9B6-95DA3FDE3C02}.Release|Any CPU.Build.0 = Release|x86
		{D4B98F3D-497E-4102-B9B6-95DA3FDE3C02}.Release|Any CPU.Deploy.0 = Release|x86
		{D4B98F3D-497E-4102-B9B6-95DA3FDE3C02}.Release|ARM.ActiveCfg = Release|ARM
		{D4B98F3D-497E-4102-B9B6-95DA3FDE3C02}.Release|ARM.Build.0 = Release|ARM
		{D4B98F3D-497E-4102-B9B6-95DA3FDE3C02}.Release|ARM.Deploy.0 = Release|ARM
		{D4B98F3D-497E-4102-B9B6-95DA3FDE3C02}.Release|iPhone.ActiveCfg = Release|x86
		{D4B98F3D-497E-4102-B9B6-95DA3FDE3C02}.Release|iPhone.Build.0 = Release|x86
		{D4B98F3D-497E-4102-B9B6-95DA3FDE3C02}.Release|iPhone.Deploy.0 = Release|x86
		{D4B98F3D-497E-4102-B9B6-95DA3FDE3C02}.Release|iPhoneSimulator.ActiveCfg = Release|x86
		{D4B98F3D-497E-4102-B9B6-95DA3FDE3C02}.Release|iPhoneSimulator.Build.0 = Release|x86
		{D4B98F3D-497E-4102-B9B6-95DA3FDE3C02}.Release|iPhoneSimulator.Deploy.0 = Release|x86
		{D4B98F3D-497E-4102-B9B6-95DA3FDE3C02}.Release|x64.ActiveCfg = Release|x64
		{D4B98F3D-497E-4102-B9B6-95DA3FDE3C02}.Release|x64.Build.0 = Release|x64
		{D4B98F3D-497E-4102-B9B6-95DA3FDE3C02}.Release|x64.Deploy.0 = Release|x64
		{D4B98F3D-497E-4102-B9B6-95DA3FDE3C02}.Release|x86.ActiveCfg = Release|x86
		{D4B98F3D-497E-4102-B9B6-95DA3FDE3C02}.Release|x86.Build.0 = Release|x86
		{D4B98F3D-497E-4102-B9B6-95DA3FDE3C02}.Release|x86.Deploy.0 = Release|x86
		{B3B6050A-818E-4803-A723-A7D611E477D8}.Debug|Any CPU.ActiveCfg = Debug|iPhoneSimulator
		{B3B6050A-818E-4803-A723-A7D611E477D8}.Debug|Any CPU.Build.0 = Debug|iPhoneSimulator
		{B3B6050A-818E-4803-A723-A7D611E477D8}.Debug|Any CPU.Deploy.0 = Debug|iPhoneSimulator
		{B3B6050A-818E-4803-A723-A7D611E477D8}.Debug|ARM.ActiveCfg = Debug|iPhone
		{B3B6050A-818E-4803-A723-A7D611E477D8}.Debug|ARM.Build.0 = Debug|iPhone
		{B3B6050A-818E-4803-A723-A7D611E477D8}.Debug|ARM.Deploy.0 = Debug|iPhone
		{B3B6050A-818E-4803-A723-A7D611E477D8}.Debug|iPhone.ActiveCfg = Debug|iPhone
		{B3B6050A-818E-4803-A723-A7D611E477D8}.Debug|iPhone.Build.0 = Debug|iPhone
		{B3B6050A-818E-4803-A723-A7D611E477D8}.Debug|iPhone.Deploy.0 = Debug|iPhone
		{B3B6050A-818E-4803-A723-A7D611E477D8}.Debug|iPhoneSimulator.ActiveCfg = Debug|iPhoneSimulator
		{B3B6050A-818E-4803-A723-A7D611E477D8}.Debug|iPhoneSimulator.Build.0 = Debug|iPhoneSimulator
		{B3B6050A-818E-4803-A723-A7D611E477D8}.Debug|iPhoneSimulator.Deploy.0 = Debug|iPhoneSimulator
		{B3B6050A-818E-4803-A723-A7D611E477D8}.Debug|x64.ActiveCfg = Debug|iPhoneSimulator
		{B3B6050A-818E-4803-A723-A7D611E477D8}.Debug|x64.Build.0 = Debug|iPhoneSimulator
		{B3B6050A-818E-4803-A723-A7D611E477D8}.Debug|x64.Deploy.0 = Debug|iPhoneSimulator
		{B3B6050A-818E-4803-A723-A7D611E477D8}.Debug|x86.ActiveCfg = Debug|iPhoneSimulator
		{B3B6050A-818E-4803-A723-A7D611E477D8}.Debug|x86.Build.0 = Debug|iPhoneSimulator
		{B3B6050A-818E-4803-A723-A7D611E477D8}.Debug|x86.Deploy.0 = Debug|iPhoneSimulator
		{B3B6050A-818E-4803-A723-A7D611E477D8}.Release|Any CPU.ActiveCfg = Release|iPhoneSimulator
		{B3B6050A-818E-4803-A723-A7D611E477D8}.Release|Any CPU.Build.0 = Release|iPhoneSimulator
		{B3B6050A-818E-4803-A723-A7D611E477D8}.Release|Any CPU.Deploy.0 = Release|iPhoneSimulator
		{B3B6050A-818E-4803-A723-A7D611E477D8}.Release|ARM.ActiveCfg = Release|iPhoneSimulator
		{B3B6050A-818E-4803-A723-A7D611E477D8}.Release|ARM.Build.0 = Release|iPhoneSimulator
		{B3B6050A-818E-4803-A723-A7D611E477D8}.Release|ARM.Deploy.0 = Release|iPhoneSimulator
		{B3B6050A-818E-4803-A723-A7D611E477D8}.Release|iPhone.ActiveCfg = Release|iPhone
		{B3B6050A-818E-4803-A723-A7D611E477D8}.Release|iPhone.Build.0 = Release|iPhone
		{B3B6050A-818E-4803-A723-A7D611E477D8}.Release|iPhone.Deploy.0 = Release|iPhone
		{B3B6050A-818E-4803-A723-A7D611E477D8}.Release|iPhoneSimulator.ActiveCfg = Release|iPhoneSimulator
		{B3B6050A-818E-4803-A723-A7D611E477D8}.Release|iPhoneSimulator.Build.0 = Release|iPhoneSimulator
		{B3B6050A-818E-4803-A723-A7D611E477D8}.Release|iPhoneSimulator.Deploy.0 = Release|iPhoneSimulator
		{B3B6050A-818E-4803-A723-A7D611E477D8}.Release|x64.ActiveCfg = Release|iPhoneSimulator
		{B3B6050A-818E-4803-A723-A7D611E477D8}.Release|x64.Build.0 = Release|iPhoneSimulator
		{B3B6050A-818E-4803-A723-A7D611E477D8}.Release|x64.Deploy.0 = Release|iPhoneSimulator
		{B3B6050A-818E-4803-A723-A7D611E477D8}.Release|x86.ActiveCfg = Release|iPhoneSimulator
		{B3B6050A-818E-4803-A723-A7D611E477D8}.Release|x86.Build.0 = Release|iPhoneSimulator
		{B3B6050A-818E-4803-A723-A7D611E477D8}.Release|x86.Deploy.0 = Release|iPhoneSimulator
		{C01A764A-8250-4179-BDBB-E82D83B70BBB}.Debug|Any CPU.ActiveCfg = Debug|Any CPU
		{C01A764A-8250-4179-BDBB-E82D83B70BBB}.Debug|Any CPU.Build.0 = Debug|Any CPU
		{C01A764A-8250-4179-BDBB-E82D83B70BBB}.Debug|Any CPU.Deploy.0 = Debug|Any CPU
		{C01A764A-8250-4179-BDBB-E82D83B70BBB}.Debug|ARM.ActiveCfg = Debug|Any CPU
		{C01A764A-8250-4179-BDBB-E82D83B70BBB}.Debug|ARM.Build.0 = Debug|Any CPU
		{C01A764A-8250-4179-BDBB-E82D83B70BBB}.Debug|ARM.Deploy.0 = Debug|Any CPU
		{C01A764A-8250-4179-BDBB-E82D83B70BBB}.Debug|iPhone.ActiveCfg = Debug|Any CPU
		{C01A764A-8250-4179-BDBB-E82D83B70BBB}.Debug|iPhone.Build.0 = Debug|Any CPU
		{C01A764A-8250-4179-BDBB-E82D83B70BBB}.Debug|iPhone.Deploy.0 = Debug|Any CPU
		{C01A764A-8250-4179-BDBB-E82D83B70BBB}.Debug|iPhoneSimulator.ActiveCfg = Debug|Any CPU
		{C01A764A-8250-4179-BDBB-E82D83B70BBB}.Debug|iPhoneSimulator.Build.0 = Debug|Any CPU
		{C01A764A-8250-4179-BDBB-E82D83B70BBB}.Debug|iPhoneSimulator.Deploy.0 = Debug|Any CPU
		{C01A764A-8250-4179-BDBB-E82D83B70BBB}.Debug|x64.ActiveCfg = Debug|Any CPU
		{C01A764A-8250-4179-BDBB-E82D83B70BBB}.Debug|x64.Build.0 = Debug|Any CPU
		{C01A764A-8250-4179-BDBB-E82D83B70BBB}.Debug|x64.Deploy.0 = Debug|Any CPU
		{C01A764A-8250-4179-BDBB-E82D83B70BBB}.Debug|x86.ActiveCfg = Debug|Any CPU
		{C01A764A-8250-4179-BDBB-E82D83B70BBB}.Debug|x86.Build.0 = Debug|Any CPU
		{C01A764A-8250-4179-BDBB-E82D83B70BBB}.Debug|x86.Deploy.0 = Debug|Any CPU
		{C01A764A-8250-4179-BDBB-E82D83B70BBB}.Release|Any CPU.ActiveCfg = Release|Any CPU
		{C01A764A-8250-4179-BDBB-E82D83B70BBB}.Release|Any CPU.Build.0 = Release|Any CPU
		{C01A764A-8250-4179-BDBB-E82D83B70BBB}.Release|Any CPU.Deploy.0 = Release|Any CPU
		{C01A764A-8250-4179-BDBB-E82D83B70BBB}.Release|ARM.ActiveCfg = Release|Any CPU
		{C01A764A-8250-4179-BDBB-E82D83B70BBB}.Release|ARM.Build.0 = Release|Any CPU
		{C01A764A-8250-4179-BDBB-E82D83B70BBB}.Release|ARM.Deploy.0 = Release|Any CPU
		{C01A764A-8250-4179-BDBB-E82D83B70BBB}.Release|iPhone.ActiveCfg = Release|Any CPU
		{C01A764A-8250-4179-BDBB-E82D83B70BBB}.Release|iPhone.Build.0 = Release|Any CPU
		{C01A764A-8250-4179-BDBB-E82D83B70BBB}.Release|iPhone.Deploy.0 = Release|Any CPU
		{C01A764A-8250-4179-BDBB-E82D83B70BBB}.Release|iPhoneSimulator.ActiveCfg = Release|Any CPU
		{C01A764A-8250-4179-BDBB-E82D83B70BBB}.Release|iPhoneSimulator.Build.0 = Release|Any CPU
		{C01A764A-8250-4179-BDBB-E82D83B70BBB}.Release|iPhoneSimulator.Deploy.0 = Release|Any CPU
		{C01A764A-8250-4179-BDBB-E82D83B70BBB}.Release|x64.ActiveCfg = Release|Any CPU
		{C01A764A-8250-4179-BDBB-E82D83B70BBB}.Release|x64.Build.0 = Release|Any CPU
		{C01A764A-8250-4179-BDBB-E82D83B70BBB}.Release|x64.Deploy.0 = Release|Any CPU
		{C01A764A-8250-4179-BDBB-E82D83B70BBB}.Release|x86.ActiveCfg = Release|Any CPU
		{C01A764A-8250-4179-BDBB-E82D83B70BBB}.Release|x86.Build.0 = Release|Any CPU
		{C01A764A-8250-4179-BDBB-E82D83B70BBB}.Release|x86.Deploy.0 = Release|Any CPU
	EndGlobalSection
	GlobalSection(SolutionProperties) = preSolution
		HideSolutionNode = FALSE
	EndGlobalSection
	GlobalSection(ExtensibilityGlobals) = postSolution
		SolutionGuid = {593198F3-2C5F-4D2F-9DE8-2644AE1B7538}
	EndGlobalSection
EndGlobal
